// !$*UTF8*$!
{
	archiveVersion = 1;
	classes = {
	};
	objectVersion = 55;
	objects = {

/* Begin PBXBuildFile section */
		B18B2E1028897ECC0030F947 /* AppDelegate.swift in Sources */ = {isa = PBXBuildFile; fileRef = B18B2E0F28897ECC0030F947 /* AppDelegate.swift */; };
		B18B2E1228897ECC0030F947 /* SceneDelegate.swift in Sources */ = {isa = PBXBuildFile; fileRef = B18B2E1128897ECC0030F947 /* SceneDelegate.swift */; };
		B18B2E1928897ECE0030F947 /* Assets.xcassets in Resources */ = {isa = PBXBuildFile; fileRef = B18B2E1828897ECE0030F947 /* Assets.xcassets */; };
		B18B2E1C28897ECE0030F947 /* LaunchScreen.storyboard in Resources */ = {isa = PBXBuildFile; fileRef = B18B2E1A28897ECE0030F947 /* LaunchScreen.storyboard */; };
		B18B2E27288980210030F947 /* MainCoordinator.swift in Sources */ = {isa = PBXBuildFile; fileRef = B18B2E26288980210030F947 /* MainCoordinator.swift */; };
		B18B2E2C2889EA800030F947 /* NetworkManager.swift in Sources */ = {isa = PBXBuildFile; fileRef = B18B2E2B2889EA800030F947 /* NetworkManager.swift */; };
		B18B2E2E2889EAA70030F947 /* HomePageCoordinator.swift in Sources */ = {isa = PBXBuildFile; fileRef = B18B2E2D2889EAA70030F947 /* HomePageCoordinator.swift */; };
		B18B2E302889EAB50030F947 /* HomePageViewModel.swift in Sources */ = {isa = PBXBuildFile; fileRef = B18B2E2F2889EAB50030F947 /* HomePageViewModel.swift */; };
		B18B2E322889EAD40030F947 /* HomePageTableViewController.swift in Sources */ = {isa = PBXBuildFile; fileRef = B18B2E312889EAD40030F947 /* HomePageTableViewController.swift */; };
		B18B2E362889EB2C0030F947 /* LightControlPageCoordinator.swift in Sources */ = {isa = PBXBuildFile; fileRef = B18B2E352889EB2C0030F947 /* LightControlPageCoordinator.swift */; };
		B18B2E382889EB420030F947 /* LightControlPageViewModel.swift in Sources */ = {isa = PBXBuildFile; fileRef = B18B2E372889EB420030F947 /* LightControlPageViewModel.swift */; };
		B18B2E3A2889EB5D0030F947 /* LightControlPageViewController.swift in Sources */ = {isa = PBXBuildFile; fileRef = B18B2E392889EB5D0030F947 /* LightControlPageViewController.swift */; };
		B18B2E3C2889F0110030F947 /* Models.swift in Sources */ = {isa = PBXBuildFile; fileRef = B18B2E3B2889F0110030F947 /* Models.swift */; };
		B18B2E3E2889F6B90030F947 /* DeviceTableViewCell.swift in Sources */ = {isa = PBXBuildFile; fileRef = B18B2E3D2889F6B90030F947 /* DeviceTableViewCell.swift */; };
		B18B2E43288AA4A70030F947 /* HeaterControlPageCoordinator.swift in Sources */ = {isa = PBXBuildFile; fileRef = B18B2E42288AA4A70030F947 /* HeaterControlPageCoordinator.swift */; };
		B18B2E45288AA4CC0030F947 /* HeaterControlPageViewModel.swift in Sources */ = {isa = PBXBuildFile; fileRef = B18B2E44288AA4CC0030F947 /* HeaterControlPageViewModel.swift */; };
		B18B2E47288AA4EE0030F947 /* HeaterControlPageViewController.swift in Sources */ = {isa = PBXBuildFile; fileRef = B18B2E46288AA4EE0030F947 /* HeaterControlPageViewController.swift */; };
		B18B2E49288AA5460030F947 /* RollerShutterControlPageCoordinator.swift in Sources */ = {isa = PBXBuildFile; fileRef = B18B2E48288AA5460030F947 /* RollerShutterControlPageCoordinator.swift */; };
		B18B2E4B288AA55E0030F947 /* RollerShutterControlPageViewModel.swift in Sources */ = {isa = PBXBuildFile; fileRef = B18B2E4A288AA55E0030F947 /* RollerShutterControlPageViewModel.swift */; };
		B18B2E4D288AA5790030F947 /* RollerShutterControlPageViewController.swift in Sources */ = {isa = PBXBuildFile; fileRef = B18B2E4C288AA5790030F947 /* RollerShutterControlPageViewController.swift */; };
		B18B2E50288B0B150030F947 /* UISlider.swift in Sources */ = {isa = PBXBuildFile; fileRef = B18B2E4F288B0B150030F947 /* UISlider.swift */; };
		B18B2E52288B3EF40030F947 /* UITextView.swift in Sources */ = {isa = PBXBuildFile; fileRef = B18B2E51288B3EF40030F947 /* UITextView.swift */; };
		B18B2E54288B413A0030F947 /* UIImageView.swift in Sources */ = {isa = PBXBuildFile; fileRef = B18B2E53288B413A0030F947 /* UIImageView.swift */; };
		B18B2E7E288D4C0E0030F947 /* HomeController.xcdatamodeld in Sources */ = {isa = PBXBuildFile; fileRef = B18B2E7C288D4C0E0030F947 /* HomeController.xcdatamodeld */; };
		B18B2E80288DDD340030F947 /* UILabel.swift in Sources */ = {isa = PBXBuildFile; fileRef = B18B2E7F288DDD340030F947 /* UILabel.swift */; };
		B18B2E84288EBF020030F947 /* DatabaseManager.swift in Sources */ = {isa = PBXBuildFile; fileRef = B18B2E83288EBF020030F947 /* DatabaseManager.swift */; };
		B1E7DA902890086900848CA9 /* DeviceDbModel+CoreDataClass.swift in Sources */ = {isa = PBXBuildFile; fileRef = B1E7DA8E2890086900848CA9 /* DeviceDbModel+CoreDataClass.swift */; };
		B1E7DA912890086900848CA9 /* DeviceDbModel+CoreDataProperties.swift in Sources */ = {isa = PBXBuildFile; fileRef = B1E7DA8F2890086900848CA9 /* DeviceDbModel+CoreDataProperties.swift */; };
		B1E7DA9328901FD700848CA9 /* String.swift in Sources */ = {isa = PBXBuildFile; fileRef = B1E7DA9228901FD700848CA9 /* String.swift */; };
		B1E7DAA3289028FB00848CA9 /* Localizable.strings in Resources */ = {isa = PBXBuildFile; fileRef = B1E7DAA5289028FB00848CA9 /* Localizable.strings */; };
/* End PBXBuildFile section */

/* Begin PBXFileReference section */
		B18B2E0C28897ECC0030F947 /* HomeController.app */ = {isa = PBXFileReference; explicitFileType = wrapper.application; includeInIndex = 0; path = HomeController.app; sourceTree = BUILT_PRODUCTS_DIR; };
		B18B2E0F28897ECC0030F947 /* AppDelegate.swift */ = {isa = PBXFileReference; lastKnownFileType = sourcecode.swift; path = AppDelegate.swift; sourceTree = "<group>"; };
		B18B2E1128897ECC0030F947 /* SceneDelegate.swift */ = {isa = PBXFileReference; lastKnownFileType = sourcecode.swift; path = SceneDelegate.swift; sourceTree = "<group>"; };
		B18B2E1828897ECE0030F947 /* Assets.xcassets */ = {isa = PBXFileReference; lastKnownFileType = folder.assetcatalog; path = Assets.xcassets; sourceTree = "<group>"; };
		B18B2E1B28897ECE0030F947 /* Base */ = {isa = PBXFileReference; lastKnownFileType = file.storyboard; name = Base; path = Base.lproj/LaunchScreen.storyboard; sourceTree = "<group>"; };
		B18B2E1D28897ECE0030F947 /* Info.plist */ = {isa = PBXFileReference; lastKnownFileType = text.plist.xml; path = Info.plist; sourceTree = "<group>"; };
		B18B2E26288980210030F947 /* MainCoordinator.swift */ = {isa = PBXFileReference; lastKnownFileType = sourcecode.swift; path = MainCoordinator.swift; sourceTree = "<group>"; };
		B18B2E2B2889EA800030F947 /* NetworkManager.swift */ = {isa = PBXFileReference; lastKnownFileType = sourcecode.swift; path = NetworkManager.swift; sourceTree = "<group>"; };
		B18B2E2D2889EAA70030F947 /* HomePageCoordinator.swift */ = {isa = PBXFileReference; lastKnownFileType = sourcecode.swift; path = HomePageCoordinator.swift; sourceTree = "<group>"; };
		B18B2E2F2889EAB50030F947 /* HomePageViewModel.swift */ = {isa = PBXFileReference; lastKnownFileType = sourcecode.swift; path = HomePageViewModel.swift; sourceTree = "<group>"; };
		B18B2E312889EAD40030F947 /* HomePageTableViewController.swift */ = {isa = PBXFileReference; lastKnownFileType = sourcecode.swift; path = HomePageTableViewController.swift; sourceTree = "<group>"; };
		B18B2E352889EB2C0030F947 /* LightControlPageCoordinator.swift */ = {isa = PBXFileReference; lastKnownFileType = sourcecode.swift; path = LightControlPageCoordinator.swift; sourceTree = "<group>"; };
		B18B2E372889EB420030F947 /* LightControlPageViewModel.swift */ = {isa = PBXFileReference; lastKnownFileType = sourcecode.swift; path = LightControlPageViewModel.swift; sourceTree = "<group>"; };
		B18B2E392889EB5D0030F947 /* LightControlPageViewController.swift */ = {isa = PBXFileReference; lastKnownFileType = sourcecode.swift; path = LightControlPageViewController.swift; sourceTree = "<group>"; };
		B18B2E3B2889F0110030F947 /* Models.swift */ = {isa = PBXFileReference; lastKnownFileType = sourcecode.swift; path = Models.swift; sourceTree = "<group>"; };
		B18B2E3D2889F6B90030F947 /* DeviceTableViewCell.swift */ = {isa = PBXFileReference; lastKnownFileType = sourcecode.swift; path = DeviceTableViewCell.swift; sourceTree = "<group>"; };
		B18B2E42288AA4A70030F947 /* HeaterControlPageCoordinator.swift */ = {isa = PBXFileReference; lastKnownFileType = sourcecode.swift; path = HeaterControlPageCoordinator.swift; sourceTree = "<group>"; };
		B18B2E44288AA4CC0030F947 /* HeaterControlPageViewModel.swift */ = {isa = PBXFileReference; lastKnownFileType = sourcecode.swift; path = HeaterControlPageViewModel.swift; sourceTree = "<group>"; };
		B18B2E46288AA4EE0030F947 /* HeaterControlPageViewController.swift */ = {isa = PBXFileReference; lastKnownFileType = sourcecode.swift; path = HeaterControlPageViewController.swift; sourceTree = "<group>"; };
		B18B2E48288AA5460030F947 /* RollerShutterControlPageCoordinator.swift */ = {isa = PBXFileReference; lastKnownFileType = sourcecode.swift; path = RollerShutterControlPageCoordinator.swift; sourceTree = "<group>"; };
		B18B2E4A288AA55E0030F947 /* RollerShutterControlPageViewModel.swift */ = {isa = PBXFileReference; lastKnownFileType = sourcecode.swift; path = RollerShutterControlPageViewModel.swift; sourceTree = "<group>"; };
		B18B2E4C288AA5790030F947 /* RollerShutterControlPageViewController.swift */ = {isa = PBXFileReference; lastKnownFileType = sourcecode.swift; path = RollerShutterControlPageViewController.swift; sourceTree = "<group>"; };
		B18B2E4F288B0B150030F947 /* UISlider.swift */ = {isa = PBXFileReference; lastKnownFileType = sourcecode.swift; path = UISlider.swift; sourceTree = "<group>"; };
		B18B2E51288B3EF40030F947 /* UITextView.swift */ = {isa = PBXFileReference; lastKnownFileType = sourcecode.swift; path = UITextView.swift; sourceTree = "<group>"; };
		B18B2E53288B413A0030F947 /* UIImageView.swift */ = {isa = PBXFileReference; lastKnownFileType = sourcecode.swift; path = UIImageView.swift; sourceTree = "<group>"; };
		B18B2E7D288D4C0E0030F947 /* HomeController.xcdatamodel */ = {isa = PBXFileReference; lastKnownFileType = wrapper.xcdatamodel; path = HomeController.xcdatamodel; sourceTree = "<group>"; };
		B18B2E7F288DDD340030F947 /* UILabel.swift */ = {isa = PBXFileReference; lastKnownFileType = sourcecode.swift; path = UILabel.swift; sourceTree = "<group>"; };
		B18B2E83288EBF020030F947 /* DatabaseManager.swift */ = {isa = PBXFileReference; lastKnownFileType = sourcecode.swift; path = DatabaseManager.swift; sourceTree = "<group>"; };
		B1E7DA8E2890086900848CA9 /* DeviceDbModel+CoreDataClass.swift */ = {isa = PBXFileReference; lastKnownFileType = sourcecode.swift; path = "DeviceDbModel+CoreDataClass.swift"; sourceTree = "<group>"; };
		B1E7DA8F2890086900848CA9 /* DeviceDbModel+CoreDataProperties.swift */ = {isa = PBXFileReference; lastKnownFileType = sourcecode.swift; path = "DeviceDbModel+CoreDataProperties.swift"; sourceTree = "<group>"; };
		B1E7DA9228901FD700848CA9 /* String.swift */ = {isa = PBXFileReference; lastKnownFileType = sourcecode.swift; path = String.swift; sourceTree = "<group>"; };
		B1E7DAA4289028FB00848CA9 /* en */ = {isa = PBXFileReference; lastKnownFileType = text.plist.strings; name = en; path = en.lproj/Localizable.strings; sourceTree = "<group>"; };
		B1E7DAA628902A4000848CA9 /* uk */ = {isa = PBXFileReference; lastKnownFileType = text.plist.strings; name = uk; path = uk.lproj/Localizable.strings; sourceTree = "<group>"; };
		B1E7DAA728902A4A00848CA9 /* fr */ = {isa = PBXFileReference; lastKnownFileType = text.plist.strings; name = fr; path = fr.lproj/Localizable.strings; sourceTree = "<group>"; };
		B1E7DAA828902A6300848CA9 /* ja */ = {isa = PBXFileReference; lastKnownFileType = text.plist.strings; name = ja; path = ja.lproj/Localizable.strings; sourceTree = "<group>"; };
/* End PBXFileReference section */

/* Begin PBXFrameworksBuildPhase section */
		B18B2E0928897ECC0030F947 /* Frameworks */ = {
			isa = PBXFrameworksBuildPhase;
			buildActionMask = 2147483647;
			files = (
			);
			runOnlyForDeploymentPostprocessing = 0;
		};
/* End PBXFrameworksBuildPhase section */

/* Begin PBXGroup section */
		B18B2E0328897ECC0030F947 = {
			isa = PBXGroup;
			children = (
				B18B2E0E28897ECC0030F947 /* HomeController */,
				B18B2E0D28897ECC0030F947 /* Products */,
			);
			sourceTree = "<group>";
		};
		B18B2E0D28897ECC0030F947 /* Products */ = {
			isa = PBXGroup;
			children = (
				B18B2E0C28897ECC0030F947 /* HomeController.app */,
			);
			name = Products;
			sourceTree = "<group>";
		};
		B18B2E0E28897ECC0030F947 /* HomeController */ = {
			isa = PBXGroup;
			children = (
				B18B2E95288EC55F0030F947 /* Database */,
				B18B2E2A2889EA6D0030F947 /* Services */,
				B18B2E2428897FC90030F947 /* Resources */,
				B18B2E2528897FF70030F947 /* Storyboards */,
				B18B2E2328897FBF0030F947 /* Coordinators */,
				B18B2E282889808D0030F947 /* AppFlow */,
				B18B2E1D28897ECE0030F947 /* Info.plist */,
			);
			path = HomeController;
			sourceTree = "<group>";
		};
		B18B2E2328897FBF0030F947 /* Coordinators */ = {
			isa = PBXGroup;
			children = (
				B18B2E26288980210030F947 /* MainCoordinator.swift */,
			);
			path = Coordinators;
			sourceTree = "<group>";
		};
		B18B2E2428897FC90030F947 /* Resources */ = {
			isa = PBXGroup;
			children = (
				B1E7DA942890273500848CA9 /* Localization */,
				B18B2E4E288B0AD30030F947 /* Extension */,
				B18B2E0F28897ECC0030F947 /* AppDelegate.swift */,
				B18B2E1128897ECC0030F947 /* SceneDelegate.swift */,
				B18B2E3B2889F0110030F947 /* Models.swift */,
				B18B2E3D2889F6B90030F947 /* DeviceTableViewCell.swift */,
				B18B2E1828897ECE0030F947 /* Assets.xcassets */,
			);
			path = Resources;
			sourceTree = "<group>";
		};
		B18B2E2528897FF70030F947 /* Storyboards */ = {
			isa = PBXGroup;
			children = (
				B18B2E1A28897ECE0030F947 /* LaunchScreen.storyboard */,
			);
			path = Storyboards;
			sourceTree = "<group>";
		};
		B18B2E282889808D0030F947 /* AppFlow */ = {
			isa = PBXGroup;
			children = (
				B18B2E29288980AE0030F947 /* HomePage */,
				B18B2E3F288A05DE0030F947 /* ControlPages */,
			);
			path = AppFlow;
			sourceTree = "<group>";
		};
		B18B2E29288980AE0030F947 /* HomePage */ = {
			isa = PBXGroup;
			children = (
				B18B2E2D2889EAA70030F947 /* HomePageCoordinator.swift */,
				B18B2E2F2889EAB50030F947 /* HomePageViewModel.swift */,
				B18B2E312889EAD40030F947 /* HomePageTableViewController.swift */,
			);
			path = HomePage;
			sourceTree = "<group>";
		};
		B18B2E2A2889EA6D0030F947 /* Services */ = {
			isa = PBXGroup;
			children = (
				B18B2E2B2889EA800030F947 /* NetworkManager.swift */,
				B18B2E83288EBF020030F947 /* DatabaseManager.swift */,
			);
			path = Services;
			sourceTree = "<group>";
		};
		B18B2E342889EAE80030F947 /* LightControlPage */ = {
			isa = PBXGroup;
			children = (
				B18B2E352889EB2C0030F947 /* LightControlPageCoordinator.swift */,
				B18B2E372889EB420030F947 /* LightControlPageViewModel.swift */,
				B18B2E392889EB5D0030F947 /* LightControlPageViewController.swift */,
			);
			path = LightControlPage;
			sourceTree = "<group>";
		};
		B18B2E3F288A05DE0030F947 /* ControlPages */ = {
			isa = PBXGroup;
			children = (
				B18B2E342889EAE80030F947 /* LightControlPage */,
				B18B2E40288AA45E0030F947 /* HeaterControlPage */,
				B18B2E41288AA46A0030F947 /* RollerShutterControlPage */,
			);
			path = ControlPages;
			sourceTree = "<group>";
		};
		B18B2E40288AA45E0030F947 /* HeaterControlPage */ = {
			isa = PBXGroup;
			children = (
				B18B2E42288AA4A70030F947 /* HeaterControlPageCoordinator.swift */,
				B18B2E44288AA4CC0030F947 /* HeaterControlPageViewModel.swift */,
				B18B2E46288AA4EE0030F947 /* HeaterControlPageViewController.swift */,
			);
			path = HeaterControlPage;
			sourceTree = "<group>";
		};
		B18B2E41288AA46A0030F947 /* RollerShutterControlPage */ = {
			isa = PBXGroup;
			children = (
				B18B2E48288AA5460030F947 /* RollerShutterControlPageCoordinator.swift */,
				B18B2E4A288AA55E0030F947 /* RollerShutterControlPageViewModel.swift */,
				B18B2E4C288AA5790030F947 /* RollerShutterControlPageViewController.swift */,
			);
			path = RollerShutterControlPage;
			sourceTree = "<group>";
		};
		B18B2E4E288B0AD30030F947 /* Extension */ = {
			isa = PBXGroup;
			children = (
				B18B2E4F288B0B150030F947 /* UISlider.swift */,
				B18B2E51288B3EF40030F947 /* UITextView.swift */,
				B18B2E53288B413A0030F947 /* UIImageView.swift */,
				B18B2E7F288DDD340030F947 /* UILabel.swift */,
				B1E7DA9228901FD700848CA9 /* String.swift */,
			);
			path = Extension;
			sourceTree = "<group>";
		};
		B18B2E95288EC55F0030F947 /* Database */ = {
			isa = PBXGroup;
			children = (
				B18B2E7C288D4C0E0030F947 /* HomeController.xcdatamodeld */,
				B1E7DA8E2890086900848CA9 /* DeviceDbModel+CoreDataClass.swift */,
				B1E7DA8F2890086900848CA9 /* DeviceDbModel+CoreDataProperties.swift */,
			);
			path = Database;
			sourceTree = "<group>";
		};
		B1E7DA942890273500848CA9 /* Localization */ = {
			isa = PBXGroup;
			children = (
				B1E7DAA5289028FB00848CA9 /* Localizable.strings */,
			);
			path = Localization;
			sourceTree = "<group>";
		};
/* End PBXGroup section */

/* Begin PBXNativeTarget section */
		B18B2E0B28897ECC0030F947 /* HomeController */ = {
			isa = PBXNativeTarget;
			buildConfigurationList = B18B2E2028897ECE0030F947 /* Build configuration list for PBXNativeTarget "HomeController" */;
			buildPhases = (
				B18B2E0828897ECC0030F947 /* Sources */,
				B18B2E0928897ECC0030F947 /* Frameworks */,
				B18B2E0A28897ECC0030F947 /* Resources */,
			);
			buildRules = (
			);
			dependencies = (
			);
			name = HomeController;
			productName = HomeController;
			productReference = B18B2E0C28897ECC0030F947 /* HomeController.app */;
			productType = "com.apple.product-type.application";
		};
/* End PBXNativeTarget section */

/* Begin PBXProject section */
		B18B2E0428897ECC0030F947 /* Project object */ = {
			isa = PBXProject;
			attributes = {
				BuildIndependentTargetsInParallel = 1;
				LastSwiftUpdateCheck = 1340;
				LastUpgradeCheck = 1340;
				TargetAttributes = {
					B18B2E0B28897ECC0030F947 = {
						CreatedOnToolsVersion = 13.4.1;
					};
				};
			};
			buildConfigurationList = B18B2E0728897ECC0030F947 /* Build configuration list for PBXProject "HomeController" */;
			compatibilityVersion = "Xcode 13.0";
			developmentRegion = en;
			hasScannedForEncodings = 0;
			knownRegions = (
				en,
				Base,
				uk,
				fr,
				ja,
			);
			mainGroup = B18B2E0328897ECC0030F947;
			productRefGroup = B18B2E0D28897ECC0030F947 /* Products */;
			projectDirPath = "";
			projectRoot = "";
			targets = (
				B18B2E0B28897ECC0030F947 /* HomeController */,
			);
		};
/* End PBXProject section */

/* Begin PBXResourcesBuildPhase section */
		B18B2E0A28897ECC0030F947 /* Resources */ = {
			isa = PBXResourcesBuildPhase;
			buildActionMask = 2147483647;
			files = (
				B18B2E1C28897ECE0030F947 /* LaunchScreen.storyboard in Resources */,
				B1E7DAA3289028FB00848CA9 /* Localizable.strings in Resources */,
				B18B2E1928897ECE0030F947 /* Assets.xcassets in Resources */,
			);
			runOnlyForDeploymentPostprocessing = 0;
		};
/* End PBXResourcesBuildPhase section */

/* Begin PBXSourcesBuildPhase section */
		B18B2E0828897ECC0030F947 /* Sources */ = {
			isa = PBXSourcesBuildPhase;
			buildActionMask = 2147483647;
			files = (
				B18B2E7E288D4C0E0030F947 /* HomeController.xcdatamodeld in Sources */,
				B18B2E45288AA4CC0030F947 /* HeaterControlPageViewModel.swift in Sources */,
				B18B2E3C2889F0110030F947 /* Models.swift in Sources */,
				B1E7DA9328901FD700848CA9 /* String.swift in Sources */,
				B18B2E2C2889EA800030F947 /* NetworkManager.swift in Sources */,
				B18B2E47288AA4EE0030F947 /* HeaterControlPageViewController.swift in Sources */,
				B18B2E362889EB2C0030F947 /* LightControlPageCoordinator.swift in Sources */,
				B1E7DA912890086900848CA9 /* DeviceDbModel+CoreDataProperties.swift in Sources */,
				B18B2E49288AA5460030F947 /* RollerShutterControlPageCoordinator.swift in Sources */,
				B18B2E84288EBF020030F947 /* DatabaseManager.swift in Sources */,
				B18B2E2E2889EAA70030F947 /* HomePageCoordinator.swift in Sources */,
				B18B2E322889EAD40030F947 /* HomePageTableViewController.swift in Sources */,
				B18B2E382889EB420030F947 /* LightControlPageViewModel.swift in Sources */,
				B18B2E3A2889EB5D0030F947 /* LightControlPageViewController.swift in Sources */,
				B18B2E3E2889F6B90030F947 /* DeviceTableViewCell.swift in Sources */,
				B18B2E52288B3EF40030F947 /* UITextView.swift in Sources */,
				B18B2E4D288AA5790030F947 /* RollerShutterControlPageViewController.swift in Sources */,
				B18B2E302889EAB50030F947 /* HomePageViewModel.swift in Sources */,
				B18B2E4B288AA55E0030F947 /* RollerShutterControlPageViewModel.swift in Sources */,
				B18B2E1028897ECC0030F947 /* AppDelegate.swift in Sources */,
				B18B2E54288B413A0030F947 /* UIImageView.swift in Sources */,
				B18B2E50288B0B150030F947 /* UISlider.swift in Sources */,
				B18B2E43288AA4A70030F947 /* HeaterControlPageCoordinator.swift in Sources */,
				B18B2E27288980210030F947 /* MainCoordinator.swift in Sources */,
				B18B2E80288DDD340030F947 /* UILabel.swift in Sources */,
				B18B2E1228897ECC0030F947 /* SceneDelegate.swift in Sources */,
				B1E7DA902890086900848CA9 /* DeviceDbModel+CoreDataClass.swift in Sources */,
			);
			runOnlyForDeploymentPostprocessing = 0;
		};
/* End PBXSourcesBuildPhase section */

/* Begin PBXVariantGroup section */
		B18B2E1A28897ECE0030F947 /* LaunchScreen.storyboard */ = {
			isa = PBXVariantGroup;
			children = (
				B18B2E1B28897ECE0030F947 /* Base */,
			);
			name = LaunchScreen.storyboard;
			sourceTree = "<group>";
		};
		B1E7DAA5289028FB00848CA9 /* Localizable.strings */ = {
			isa = PBXVariantGroup;
			children = (
				B1E7DAA4289028FB00848CA9 /* en */,
				B1E7DAA628902A4000848CA9 /* uk */,
				B1E7DAA728902A4A00848CA9 /* fr */,
				B1E7DAA828902A6300848CA9 /* ja */,
			);
			name = Localizable.strings;
			sourceTree = "<group>";
		};
/* End PBXVariantGroup section */

/* Begin XCBuildConfiguration section */
		B18B2E1E28897ECE0030F947 /* Debug */ = {
			isa = XCBuildConfiguration;
			buildSettings = {
				ALWAYS_SEARCH_USER_PATHS = NO;
				CLANG_ANALYZER_LOCALIZABILITY_NONLOCALIZED = YES;
				CLANG_ANALYZER_NONNULL = YES;
				CLANG_ANALYZER_NUMBER_OBJECT_CONVERSION = YES_AGGRESSIVE;
				CLANG_CXX_LANGUAGE_STANDARD = "gnu++17";
				CLANG_ENABLE_MODULES = YES;
				CLANG_ENABLE_OBJC_ARC = YES;
				CLANG_ENABLE_OBJC_WEAK = YES;
				CLANG_WARN_BLOCK_CAPTURE_AUTORELEASING = YES;
				CLANG_WARN_BOOL_CONVERSION = YES;
				CLANG_WARN_COMMA = YES;
				CLANG_WARN_CONSTANT_CONVERSION = YES;
				CLANG_WARN_DEPRECATED_OBJC_IMPLEMENTATIONS = YES;
				CLANG_WARN_DIRECT_OBJC_ISA_USAGE = YES_ERROR;
				CLANG_WARN_DOCUMENTATION_COMMENTS = YES;
				CLANG_WARN_EMPTY_BODY = YES;
				CLANG_WARN_ENUM_CONVERSION = YES;
				CLANG_WARN_INFINITE_RECURSION = YES;
				CLANG_WARN_INT_CONVERSION = YES;
				CLANG_WARN_NON_LITERAL_NULL_CONVERSION = YES;
				CLANG_WARN_OBJC_IMPLICIT_RETAIN_SELF = YES;
				CLANG_WARN_OBJC_LITERAL_CONVERSION = YES;
				CLANG_WARN_OBJC_ROOT_CLASS = YES_ERROR;
				CLANG_WARN_QUOTED_INCLUDE_IN_FRAMEWORK_HEADER = YES;
				CLANG_WARN_RANGE_LOOP_ANALYSIS = YES;
				CLANG_WARN_STRICT_PROTOTYPES = YES;
				CLANG_WARN_SUSPICIOUS_MOVE = YES;
				CLANG_WARN_UNGUARDED_AVAILABILITY = YES_AGGRESSIVE;
				CLANG_WARN_UNREACHABLE_CODE = YES;
				CLANG_WARN__DUPLICATE_METHOD_MATCH = YES;
				COPY_PHASE_STRIP = NO;
				DEBUG_INFORMATION_FORMAT = dwarf;
				ENABLE_STRICT_OBJC_MSGSEND = YES;
				ENABLE_TESTABILITY = YES;
				GCC_C_LANGUAGE_STANDARD = gnu11;
				GCC_DYNAMIC_NO_PIC = NO;
				GCC_NO_COMMON_BLOCKS = YES;
				GCC_OPTIMIZATION_LEVEL = 0;
				GCC_PREPROCESSOR_DEFINITIONS = (
					"DEBUG=1",
					"$(inherited)",
				);
				GCC_WARN_64_TO_32_BIT_CONVERSION = YES;
				GCC_WARN_ABOUT_RETURN_TYPE = YES_ERROR;
				GCC_WARN_UNDECLARED_SELECTOR = YES;
				GCC_WARN_UNINITIALIZED_AUTOS = YES_AGGRESSIVE;
				GCC_WARN_UNUSED_FUNCTION = YES;
				GCC_WARN_UNUSED_VARIABLE = YES;
				IPHONEOS_DEPLOYMENT_TARGET = 15.5;
				MTL_ENABLE_DEBUG_INFO = INCLUDE_SOURCE;
				MTL_FAST_MATH = YES;
				ONLY_ACTIVE_ARCH = YES;
				SDKROOT = iphoneos;
				SWIFT_ACTIVE_COMPILATION_CONDITIONS = DEBUG;
				SWIFT_OPTIMIZATION_LEVEL = "-Onone";
			};
			name = Debug;
		};
		B18B2E1F28897ECE0030F947 /* Release */ = {
			isa = XCBuildConfiguration;
			buildSettings = {
				ALWAYS_SEARCH_USER_PATHS = NO;
				CLANG_ANALYZER_LOCALIZABILITY_NONLOCALIZED = YES;
				CLANG_ANALYZER_NONNULL = YES;
				CLANG_ANALYZER_NUMBER_OBJECT_CONVERSION = YES_AGGRESSIVE;
				CLANG_CXX_LANGUAGE_STANDARD = "gnu++17";
				CLANG_ENABLE_MODULES = YES;
				CLANG_ENABLE_OBJC_ARC = YES;
				CLANG_ENABLE_OBJC_WEAK = YES;
				CLANG_WARN_BLOCK_CAPTURE_AUTORELEASING = YES;
				CLANG_WARN_BOOL_CONVERSION = YES;
				CLANG_WARN_COMMA = YES;
				CLANG_WARN_CONSTANT_CONVERSION = YES;
				CLANG_WARN_DEPRECATED_OBJC_IMPLEMENTATIONS = YES;
				CLANG_WARN_DIRECT_OBJC_ISA_USAGE = YES_ERROR;
				CLANG_WARN_DOCUMENTATION_COMMENTS = YES;
				CLANG_WARN_EMPTY_BODY = YES;
				CLANG_WARN_ENUM_CONVERSION = YES;
				CLANG_WARN_INFINITE_RECURSION = YES;
				CLANG_WARN_INT_CONVERSION = YES;
				CLANG_WARN_NON_LITERAL_NULL_CONVERSION = YES;
				CLANG_WARN_OBJC_IMPLICIT_RETAIN_SELF = YES;
				CLANG_WARN_OBJC_LITERAL_CONVERSION = YES;
				CLANG_WARN_OBJC_ROOT_CLASS = YES_ERROR;
				CLANG_WARN_QUOTED_INCLUDE_IN_FRAMEWORK_HEADER = YES;
				CLANG_WARN_RANGE_LOOP_ANALYSIS = YES;
				CLANG_WARN_STRICT_PROTOTYPES = YES;
				CLANG_WARN_SUSPICIOUS_MOVE = YES;
				CLANG_WARN_UNGUARDED_AVAILABILITY = YES_AGGRESSIVE;
				CLANG_WARN_UNREACHABLE_CODE = YES;
				CLANG_WARN__DUPLICATE_METHOD_MATCH = YES;
				COPY_PHASE_STRIP = NO;
				DEBUG_INFORMATION_FORMAT = "dwarf-with-dsym";
				ENABLE_NS_ASSERTIONS = NO;
				ENABLE_STRICT_OBJC_MSGSEND = YES;
				GCC_C_LANGUAGE_STANDARD = gnu11;
				GCC_NO_COMMON_BLOCKS = YES;
				GCC_WARN_64_TO_32_BIT_CONVERSION = YES;
				GCC_WARN_ABOUT_RETURN_TYPE = YES_ERROR;
				GCC_WARN_UNDECLARED_SELECTOR = YES;
				GCC_WARN_UNINITIALIZED_AUTOS = YES_AGGRESSIVE;
				GCC_WARN_UNUSED_FUNCTION = YES;
				GCC_WARN_UNUSED_VARIABLE = YES;
				IPHONEOS_DEPLOYMENT_TARGET = 15.5;
				MTL_ENABLE_DEBUG_INFO = NO;
				MTL_FAST_MATH = YES;
				SDKROOT = iphoneos;
				SWIFT_COMPILATION_MODE = wholemodule;
				SWIFT_OPTIMIZATION_LEVEL = "-O";
				VALIDATE_PRODUCT = YES;
			};
			name = Release;
		};
		B18B2E2128897ECE0030F947 /* Debug */ = {
			isa = XCBuildConfiguration;
			buildSettings = {
				ASSETCATALOG_COMPILER_APPICON_NAME = AppIcon;
				ASSETCATALOG_COMPILER_GLOBAL_ACCENT_COLOR_NAME = AccentColor;
				CODE_SIGN_STYLE = Automatic;
				CURRENT_PROJECT_VERSION = 1;
				DEVELOPMENT_TEAM = 74LXFXDYGA;
				GENERATE_INFOPLIST_FILE = YES;
				INFOPLIST_FILE = HomeController/Info.plist;
				INFOPLIST_KEY_UIApplicationSupportsIndirectInputEvents = YES;
				INFOPLIST_KEY_UILaunchStoryboardName = LaunchScreen;
				INFOPLIST_KEY_UISupportedInterfaceOrientations_iPad = "UIInterfaceOrientationPortrait UIInterfaceOrientationPortraitUpsideDown UIInterfaceOrientationLandscapeLeft UIInterfaceOrientationLandscapeRight";
				INFOPLIST_KEY_UISupportedInterfaceOrientations_iPhone = "UIInterfaceOrientationPortrait UIInterfaceOrientationLandscapeLeft UIInterfaceOrientationLandscapeRight";
				LD_RUNPATH_SEARCH_PATHS = (
					"$(inherited)",
					"@executable_path/Frameworks",
				);
				MARKETING_VERSION = 1.0;
				PRODUCT_BUNDLE_IDENTIFIER = com..HomeController;
				PRODUCT_NAME = "$(TARGET_NAME)";
				SWIFT_EMIT_LOC_STRINGS = YES;
				SWIFT_VERSION = 5.0;
				TARGETED_DEVICE_FAMILY = 1;
			};
			name = Debug;
		};
		B18B2E2228897ECE0030F947 /* Release */ = {
			isa = XCBuildConfiguration;
			buildSettings = {
				ASSETCATALOG_COMPILER_APPICON_NAME = AppIcon;
				ASSETCATALOG_COMPILER_GLOBAL_ACCENT_COLOR_NAME = AccentColor;
				CODE_SIGN_STYLE = Automatic;
				CURRENT_PROJECT_VERSION = 1;
				DEVELOPMENT_TEAM = 74LXFXDYGA;
				GENERATE_INFOPLIST_FILE = YES;
				INFOPLIST_FILE = HomeController/Info.plist;
				INFOPLIST_KEY_UIApplicationSupportsIndirectInputEvents = YES;
				INFOPLIST_KEY_UILaunchStoryboardName = LaunchScreen;
				INFOPLIST_KEY_UISupportedInterfaceOrientations_iPad = "UIInterfaceOrientationPortrait UIInterfaceOrientationPortraitUpsideDown UIInterfaceOrientationLandscapeLeft UIInterfaceOrientationLandscapeRight";
				INFOPLIST_KEY_UISupportedInterfaceOrientations_iPhone = "UIInterfaceOrientationPortrait UIInterfaceOrientationLandscapeLeft UIInterfaceOrientationLandscapeRight";
				LD_RUNPATH_SEARCH_PATHS = (
					"$(inherited)",
					"@executable_path/Frameworks",
				);
				MARKETING_VERSION = 1.0;
				PRODUCT_BUNDLE_IDENTIFIER = com..HomeController;
				PRODUCT_NAME = "$(TARGET_NAME)";
				SWIFT_EMIT_LOC_STRINGS = YES;
				SWIFT_VERSION = 5.0;
				TARGETED_DEVICE_FAMILY = 1;
			};
			name = Release;
		};
/* End XCBuildConfiguration section */

/* Begin XCConfigurationList section */
		B18B2E0728897ECC0030F947 /* Build configuration list for PBXProject "HomeController" */ = {
			isa = XCConfigurationList;
			buildConfigurations = (
				B18B2E1E28897ECE0030F947 /* Debug */,
				B18B2E1F28897ECE0030F947 /* Release */,
			);
			defaultConfigurationIsVisible = 0;
			defaultConfigurationName = Release;
		};
		B18B2E2028897ECE0030F947 /* Build configuration list for PBXNativeTarget "HomeController" */ = {
			isa = XCConfigurationList;
			buildConfigurations = (
				B18B2E2128897ECE0030F947 /* Debug */,
				B18B2E2228897ECE0030F947 /* Release */,
			);
			defaultConfigurationIsVisible = 0;
			defaultConfigurationName = Release;
		};
/* End XCConfigurationList section */

/* Begin XCVersionGroup section */
		B18B2E7C288D4C0E0030F947 /* HomeController.xcdatamodeld */ = {
			isa = XCVersionGroup;
			children = (
				B18B2E7D288D4C0E0030F947 /* HomeController.xcdatamodel */,
			);
			currentVersion = B18B2E7D288D4C0E0030F947 /* HomeController.xcdatamodel */;
			path = HomeController.xcdatamodeld;
			sourceTree = "<group>";
			versionGroupType = wrapper.xcdatamodel;
		};
/* End XCVersionGroup section */
	};
	rootObject = B18B2E0428897ECC0030F947 /* Project object */;
}
